
Microsoft Visual Studio Solution File, Format Version 12.00
# Visual Studio Version 16
VisualStudioVersion = 16.0.30128.74
MinimumVisualStudioVersion = 10.0.40219.1
Project("{FAE04EC0-301F-11D3-BF4B-00C04F79EFBC}") = "TrackerLibrary", "TrackerLibrary\TrackerLibrary.csproj", "{BB1594A3-5E54-4065-A614-A5B5589ED585}"
EndProject
Project("{FAE04EC0-301F-11D3-BF4B-00C04F79EFBC}") = "TrackerUI", "TrackerUI\TrackerUI.csproj", "{8AD60B0D-314D-4ADB-89CD-E18AC168567D}"
EndProject
Global
	GlobalSection(SolutionConfigurationPlatforms) = preSolution
		Debug|Any CPU = Debug|Any CPU
		Release|Any CPU = Release|Any CPU
	EndGlobalSection
	GlobalSection(ProjectConfigurationPlatforms) = postSolution
		{BB1594A3-5E54-4065-A614-A5B5589ED585}.Debug|Any CPU.ActiveCfg = Debug|Any CPU
		{BB1594A3-5E54-4065-A614-A5B5589ED585}.Debug|Any CPU.Build.0 = Debug|Any CPU
		{BB1594A3-5E54-4065-A614-A5B5589ED585}.Release|Any CPU.ActiveCfg = Release|Any CPU
		{BB1594A3-5E54-4065-A614-A5B5589ED585}.Release|Any CPU.Build.0 = Release|Any CPU
		{8AD60B0D-314D-4ADB-89CD-E18AC168567D}.Debug|Any CPU.ActiveCfg = Debug|Any CPU
		{8AD60B0D-314D-4ADB-89CD-E18AC168567D}.Debug|Any CPU.Build.0 = Debug|Any CPU
		{8AD60B0D-314D-4ADB-89CD-E18AC168567D}.Release|Any CPU.ActiveCfg = Release|Any CPU
		{8AD60B0D-314D-4ADB-89CD-E18AC168567D}.Release|Any CPU.Build.0 = Release|Any CPU
	EndGlobalSection
	GlobalSection(SolutionProperties) = preSolution
		HideSolutionNode = FALSE
	EndGlobalSection
	GlobalSection(ExtensibilityGlobals) = postSolution
		SolutionGuid = {B3074C7C-9E0C-4C02-8FC3-653D3DFE9450}
	EndGlobalSection
EndGlobal
